
Microsoft Visual Studio Solution File, Format Version 12.00
# Visual Studio Version 16
VisualStudioVersion = 16.0.30204.135
MinimumVisualStudioVersion = 10.0.40219.1
Project("{9A19103F-16F7-4668-BE54-9A1E7A4F7556}") = "ArtMapLambdaAPI", "ArtMapLambdaAPI\ArtMapLambdaAPI.csproj", "{51D26CA2-B377-405C-A3E7-ED225B5EA91C}"
EndProject
Project("{9A19103F-16F7-4668-BE54-9A1E7A4F7556}") = "ArtMapLambdaAPI.Tests", "ArtMapLambdaAPI.Tests\ArtMapLambdaAPI.Tests.csproj", "{7C773841-1C91-453B-B020-5BF878446F64}"
EndProject
Global
	GlobalSection(SolutionConfigurationPlatforms) = preSolution
		Debug|Any CPU = Debug|Any CPU
		Release|Any CPU = Release|Any CPU
	EndGlobalSection
	GlobalSection(ProjectConfigurationPlatforms) = postSolution
		{51D26CA2-B377-405C-A3E7-ED225B5EA91C}.Debug|Any CPU.ActiveCfg = Debug|Any CPU
		{51D26CA2-B377-405C-A3E7-ED225B5EA91C}.Debug|Any CPU.Build.0 = Debug|Any CPU
		{51D26CA2-B377-405C-A3E7-ED225B5EA91C}.Release|Any CPU.ActiveCfg = Release|Any CPU
		{51D26CA2-B377-405C-A3E7-ED225B5EA91C}.Release|Any CPU.Build.0 = Release|Any CPU
		{7C773841-1C91-453B-B020-5BF878446F64}.Debug|Any CPU.ActiveCfg = Debug|Any CPU
		{7C773841-1C91-453B-B020-5BF878446F64}.Debug|Any CPU.Build.0 = Debug|Any CPU
		{7C773841-1C91-453B-B020-5BF878446F64}.Release|Any CPU.ActiveCfg = Release|Any CPU
		{7C773841-1C91-453B-B020-5BF878446F64}.Release|Any CPU.Build.0 = Release|Any CPU
	EndGlobalSection
	GlobalSection(SolutionProperties) = preSolution
		HideSolutionNode = FALSE
	EndGlobalSection
	GlobalSection(ExtensibilityGlobals) = postSolution
		SolutionGuid = {B40896C8-6430-4566-AAC0-AE4B4D1D9E07}
	EndGlobalSection
EndGlobal
